
Microsoft Visual Studio Solution File, Format Version 12.00
# Visual Studio Version 17
VisualStudioVersion = 17.10.35013.160
MinimumVisualStudioVersion = 10.0.40219.1
Project("{FAE04EC0-301F-11D3-BF4B-00C04F79EFBC}") = "Activity02DBconnection", "Activity02DBconnection\Activity02DBconnection.csproj", "{30ADC7BE-EC04-4189-8897-DC712ABD6BA7}"
EndProject
Global
	GlobalSection(SolutionConfigurationPlatforms) = preSolution
		Debug|Any CPU = Debug|Any CPU
		Release|Any CPU = Release|Any CPU
	EndGlobalSection
	GlobalSection(ProjectConfigurationPlatforms) = postSolution
		{30ADC7BE-EC04-4189-8897-DC712ABD6BA7}.Debug|Any CPU.ActiveCfg = Debug|Any CPU
		{30ADC7BE-EC04-4189-8897-DC712ABD6BA7}.Debug|Any CPU.Build.0 = Debug|Any CPU
		{30ADC7BE-EC04-4189-8897-DC712ABD6BA7}.Release|Any CPU.ActiveCfg = Release|Any CPU
		{30ADC7BE-EC04-4189-8897-DC712ABD6BA7}.Release|Any CPU.Build.0 = Release|Any CPU
	EndGlobalSection
	GlobalSection(SolutionProperties) = preSolution
		HideSolutionNode = FALSE
	EndGlobalSection
	GlobalSection(ExtensibilityGlobals) = postSolution
		SolutionGuid = {48558533-68D2-4A86-836F-FD3F05165741}
	EndGlobalSection
EndGlobal
